
Microsoft Visual Studio Solution File, Format Version 12.00
# Visual Studio Version 16
VisualStudioVersion = 16.0.31729.503
MinimumVisualStudioVersion = 10.0.40219.1
Project("{FAE04EC0-301F-11D3-BF4B-00C04F79EFBC}") = "Modal popup Example", "Modal popup Example\Modal popup Example.csproj", "{C9C5523B-AB78-4216-95AD-6C73963A20B4}"
EndProject
Global
	GlobalSection(SolutionConfigurationPlatforms) = preSolution
		Debug|Any CPU = Debug|Any CPU
		Release|Any CPU = Release|Any CPU
	EndGlobalSection
	GlobalSection(ProjectConfigurationPlatforms) = postSolution
		{C9C5523B-AB78-4216-95AD-6C73963A20B4}.Debug|Any CPU.ActiveCfg = Debug|Any CPU
		{C9C5523B-AB78-4216-95AD-6C73963A20B4}.Debug|Any CPU.Build.0 = Debug|Any CPU
		{C9C5523B-AB78-4216-95AD-6C73963A20B4}.Release|Any CPU.ActiveCfg = Release|Any CPU
		{C9C5523B-AB78-4216-95AD-6C73963A20B4}.Release|Any CPU.Build.0 = Release|Any CPU
	EndGlobalSection
	GlobalSection(SolutionProperties) = preSolution
		HideSolutionNode = FALSE
	EndGlobalSection
	GlobalSection(ExtensibilityGlobals) = postSolution
		SolutionGuid = {5FE54C95-348F-43C8-A7A4-12F2AEF0A927}
	EndGlobalSection
EndGlobal
